// !$*UTF8*$!
{
	archiveVersion = 1;
	classes = {
	};
	objectVersion = 46;
	objects = {

/* Begin PBXBuildFile section */
		AEF2B3481EF36318002FE68C /* AppDelegate.swift in Sources */ = {isa = PBXBuildFile; fileRef = AEF2B3471EF36318002FE68C /* AppDelegate.swift */; };
		AEF2B34A1EF36318002FE68C /* ViewController.swift in Sources */ = {isa = PBXBuildFile; fileRef = AEF2B3491EF36318002FE68C /* ViewController.swift */; };
		AEF2B34D1EF36318002FE68C /* Main.storyboard in Resources */ = {isa = PBXBuildFile; fileRef = AEF2B34B1EF36318002FE68C /* Main.storyboard */; };
		AEF2B34F1EF36318002FE68C /* Assets.xcassets in Resources */ = {isa = PBXBuildFile; fileRef = AEF2B34E1EF36318002FE68C /* Assets.xcassets */; };
		AEF2B3521EF36318002FE68C /* LaunchScreen.storyboard in Resources */ = {isa = PBXBuildFile; fileRef = AEF2B3501EF36318002FE68C /* LaunchScreen.storyboard */; };
/* End PBXBuildFile section */

/* Begin PBXFileReference section */
		AEF2B3441EF36318002FE68C /* WKScriptMessageHandlerSample.app */ = {isa = PBXFileReference; explicitFileType = wrapper.application; includeInIndex = 0; path = WKScriptMessageHandlerSample.app; sourceTree = BUILT_PRODUCTS_DIR; };
		AEF2B3471EF36318002FE68C /* AppDelegate.swift */ = {isa = PBXFileReference; lastKnownFileType = sourcecode.swift; path = AppDelegate.swift; sourceTree = "<group>"; };
		AEF2B3491EF36318002FE68C /* ViewController.swift */ = {isa = PBXFileReference; lastKnownFileType = sourcecode.swift; path = ViewController.swift; sourceTree = "<group>"; };
		AEF2B34C1EF36318002FE68C /* Base */ = {isa = PBXFileReference; lastKnownFileType = file.storyboard; name = Base; path = Base.lproj/Main.storyboard; sourceTree = "<group>"; };
		AEF2B34E1EF36318002FE68C /* Assets.xcassets */ = {isa = PBXFileReference; lastKnownFileType = folder.assetcatalog; path = Assets.xcassets; sourceTree = "<group>"; };
		AEF2B3511EF36318002FE68C /* Base */ = {isa = PBXFileReference; lastKnownFileType = file.storyboard; name = Base; path = Base.lproj/LaunchScreen.storyboard; sourceTree = "<group>"; };
		AEF2B3531EF36318002FE68C /* Info.plist */ = {isa = PBXFileReference; lastKnownFileType = text.plist.xml; path = Info.plist; sourceTree = "<group>"; };
/* End PBXFileReference section */

/* Begin PBXFrameworksBuildPhase section */
		AEF2B3411EF36318002FE68C /* Frameworks */ = {
			isa = PBXFrameworksBuildPhase;
			buildActionMask = 2147483647;
			files = (
			);
			runOnlyForDeploymentPostprocessing = 0;
		};
/* End PBXFrameworksBuildPhase section */

/* Begin PBXGroup section */
		AEF2B33B1EF36318002FE68C = {
			isa = PBXGroup;
			children = (
				AEF2B3461EF36318002FE68C /* WKScriptMessageHandlerSample */,
				AEF2B3451EF36318002FE68C /* Products */,
			);
			sourceTree = "<group>";
		};
		AEF2B3451EF36318002FE68C /* Products */ = {
			isa = PBXGroup;
			children = (
				AEF2B3441EF36318002FE68C /* WKScriptMessageHandlerSample.app */,
			);
			name = Products;
			sourceTree = "<group>";
		};
		AEF2B3461EF36318002FE68C /* WKScriptMessageHandlerSample */ = {
			isa = PBXGroup;
			children = (
				AEF2B3471EF36318002FE68C /* AppDelegate.swift */,
				AEF2B3491EF36318002FE68C /* ViewController.swift */,
				AEF2B34B1EF36318002FE68C /* Main.storyboard */,
				AEF2B34E1EF36318002FE68C /* Assets.xcassets */,
				AEF2B3501EF36318002FE68C /* LaunchScreen.storyboard */,
				AEF2B3531EF36318002FE68C /* Info.plist */,
			);
			path = WKScriptMessageHandlerSample;
			sourceTree = "<group>";
		};
/* End PBXGroup section */

/* Begin PBXNativeTarget section */
		AEF2B3431EF36318002FE68C /* WKScriptMessageHandlerSample */ = {
			isa = PBXNativeTarget;
			buildConfigurationList = AEF2B3561EF36318002FE68C /* Build configuration list for PBXNativeTarget "WKScriptMessageHandlerSample" */;
			buildPhases = (
				AEF2B3401EF36318002FE68C /* Sources */,
				AEF2B3411EF36318002FE68C /* Frameworks */,
				AEF2B3421EF36318002FE68C /* Resources */,
			);
			buildRules = (
			);
			dependencies = (
			);
			name = WKScriptMessageHandlerSample;
			productName = WKScriptMessageHandlerSample;
			productReference = AEF2B3441EF36318002FE68C /* WKScriptMessageHandlerSample.app */;
			productType = "com.apple.product-type.application";
		};
/* End PBXNativeTarget section */

/* Begin PBXProject section */
		AEF2B33C1EF36318002FE68C /* Project object */ = {
			isa = PBXProject;
			attributes = {
				LastSwiftUpdateCheck = 0830;
				LastUpgradeCheck = 0830;
				ORGANIZATIONNAME = "Tsubasa Hayashi";
				TargetAttributes = {
					AEF2B3431EF36318002FE68C = {
						CreatedOnToolsVersion = 8.3.2;
						DevelopmentTeam = 8SA8NHU526;
						ProvisioningStyle = Automatic;
					};
				};
			};
			buildConfigurationList = AEF2B33F1EF36318002FE68C /* Build configuration list for PBXProject "WKScriptMessageHandlerSample" */;
			compatibilityVersion = "Xcode 3.2";
			developmentRegion = English;
			hasScannedForEncodings = 0;
			knownRegions = (
				en,
				Base,
			);
			mainGroup = AEF2B33B1EF36318002FE68C;
			productRefGroup = AEF2B3451EF36318002FE68C /* Products */;
			projectDirPath = "";
			projectRoot = "";
			targets = (
				AEF2B3431EF36318002FE68C /* WKScriptMessageHandlerSample */,
			);
		};
/* End PBXProject section */

/* Begin PBXResourcesBuildPhase section */
		AEF2B3421EF36318002FE68C /* Resources */ = {
			isa = PBXResourcesBuildPhase;
			buildActionMask = 2147483647;
			files = (
				AEF2B3521EF36318002FE68C /* LaunchScreen.storyboard in Resources */,
				AEF2B34F1EF36318002FE68C /* Assets.xcassets in Resources */,
				AEF2B34D1EF36318002FE68C /* Main.storyboard in Resources */,
			);
			runOnlyForDeploymentPostprocessing = 0;
		};
/* End PBXResourcesBuildPhase section */

/* Begin PBXSourcesBuildPhase section */
		AEF2B3401EF36318002FE68C /* Sources */ = {
			isa = PBXSourcesBuildPhase;
			buildActionMask = 2147483647;
			files = (
				AEF2B34A1EF36318002FE68C /* ViewController.swift in Sources */,
				AEF2B3481EF36318002FE68C /* AppDelegate.swift in Sources */,
			);
			runOnlyForDeploymentPostprocessing = 0;
		};
/* End PBXSourcesBuildPhase section */

/* Begin PBXVariantGroup section */
		AEF2B34B1EF36318002FE68C /* Main.storyboard */ = {
			isa = PBXVariantGroup;
			children = (
				AEF2B34C1EF36318002FE68C /* Base */,
			);
			name = Main.storyboard;
			sourceTree = "<group>";
		};
		AEF2B3501EF36318002FE68C /* LaunchScreen.storyboard */ = {
			isa = PBXVariantGroup;
			children = (
				AEF2B3511EF36318002FE68C /* Base */,
			);
			name = LaunchScreen.storyboard;
			sourceTree = "<group>";
		};
/* End PBXVariantGroup section */

/* Begin XCBuildConfiguration section */
		AEF2B3541EF36318002FE68C /* Debug */ = {
			isa = XCBuildConfiguration;
			buildSettings = {
				ALWAYS_SEARCH_USER_PATHS = NO;
				CLANG_ANALYZER_NONNULL = YES;
				CLANG_ANALYZER_NUMBER_OBJECT_CONVERSION = YES_AGGRESSIVE;
				CLANG_CXX_LANGUAGE_STANDARD = "gnu++0x";
				CLANG_CXX_LIBRARY = "libc++";
				CLANG_ENABLE_MODULES = YES;
				CLANG_ENABLE_OBJC_ARC = YES;
				CLANG_WARN_BOOL_CONVERSION = YES;
				CLANG_WARN_CONSTANT_CONVERSION = YES;
				CLANG_WARN_DIRECT_OBJC_ISA_USAGE = YES_ERROR;
				CLANG_WARN_DOCUMENTATION_COMMENTS = YES;
				CLANG_WARN_EMPTY_BODY = YES;
				CLANG_WARN_ENUM_CONVERSION = YES;
				CLANG_WARN_INFINITE_RECURSION = YES;
				CLANG_WARN_INT_CONVERSION = YES;
				CLANG_WARN_OBJC_ROOT_CLASS = YES_ERROR;
				CLANG_WARN_SUSPICIOUS_MOVE = YES;
				CLANG_WARN_UNREACHABLE_CODE = YES;
				CLANG_WARN__DUPLICATE_METHOD_MATCH = YES;
				"CODE_SIGN_IDENTITY[sdk=iphoneos*]" = "iPhone Developer";
				COPY_PHASE_STRIP = NO;
				DEBUG_INFORMATION_FORMAT = dwarf;
				ENABLE_STRICT_OBJC_MSGSEND = YES;
				ENABLE_TESTABILITY = YES;
				GCC_C_LANGUAGE_STANDARD = gnu99;
				GCC_DYNAMIC_NO_PIC = NO;
				GCC_NO_COMMON_BLOCKS = YES;
				GCC_OPTIMIZATION_LEVEL = 0;
				GCC_PREPROCESSOR_DEFINITIONS = (
					"DEBUG=1",
					"$(inherited)",
				);
				GCC_WARN_64_TO_32_BIT_CONVERSION = YES;
				GCC_WARN_ABOUT_RETURN_TYPE = YES_ERROR;
				GCC_WARN_UNDECLARED_SELECTOR = YES;
				GCC_WARN_UNINITIALIZED_AUTOS = YES_AGGRESSIVE;
				GCC_WARN_UNUSED_FUNCTION = YES;
				GCC_WARN_UNUSED_VARIABLE = YES;
				IPHONEOS_DEPLOYMENT_TARGET = 10.3;
				MTL_ENABLE_DEBUG_INFO = YES;
				ONLY_ACTIVE_ARCH = YES;
				SDKROOT = iphoneos;
				SWIFT_ACTIVE_COMPILATION_CONDITIONS = DEBUG;
				SWIFT_OPTIMIZATION_LEVEL = "-Onone";
				TARGETED_DEVICE_FAMILY = "1,2";
			};
			name = Debug;
		};
		AEF2B3551EF36318002FE68C /* Release */ = {
			isa = XCBuildConfiguration;
			buildSettings = {
				ALWAYS_SEARCH_USER_PATHS = NO;
				CLANG_ANALYZER_NONNULL = YES;
				CLANG_ANALYZER_NUMBER_OBJECT_CONVERSION = YES_AGGRESSIVE;
				CLANG_CXX_LANGUAGE_STANDARD = "gnu++0x";
				CLANG_CXX_LIBRARY = "libc++";
				CLANG_ENABLE_MODULES = YES;
				CLANG_ENABLE_OBJC_ARC = YES;
				CLANG_WARN_BOOL_CONVERSION = YES;
				CLANG_WARN_CONSTANT_CONVERSION = YES;
				CLANG_WARN_DIRECT_OBJC_ISA_USAGE = YES_ERROR;
				CLANG_WARN_DOCUMENTATION_COMMENTS = YES;
				CLANG_WARN_EMPTY_BODY = YES;
				CLANG_WARN_ENUM_CONVERSION = YES;
				CLANG_WARN_INFINITE_RECURSION = YES;
				CLANG_WARN_INT_CONVERSION = YES;
				CLANG_WARN_OBJC_ROOT_CLASS = YES_ERROR;
				CLANG_WARN_SUSPICIOUS_MOVE = YES;
				CLANG_WARN_UNREACHABLE_CODE = YES;
				CLANG_WARN__DUPLICATE_METHOD_MATCH = YES;
				"CODE_SIGN_IDENTITY[sdk=iphoneos*]" = "iPhone Developer";
				COPY_PHASE_STRIP = NO;
				DEBUG_INFORMATION_FORMAT = "dwarf-with-dsym";
				ENABLE_NS_ASSERTIONS = NO;
				ENABLE_STRICT_OBJC_MSGSEND = YES;
				GCC_C_LANGUAGE_STANDARD = gnu99;
				GCC_NO_COMMON_BLOCKS = YES;
				GCC_WARN_64_TO_32_BIT_CONVERSION = YES;
				GCC_WARN_ABOUT_RETURN_TYPE = YES_ERROR;
				GCC_WARN_UNDECLARED_SELECTOR = YES;
				GCC_WARN_UNINITIALIZED_AUTOS = YES_AGGRESSIVE;
				GCC_WARN_UNUSED_FUNCTION = YES;
				GCC_WARN_UNUSED_VARIABLE = YES;
				IPHONEOS_DEPLOYMENT_TARGET = 10.3;
				MTL_ENABLE_DEBUG_INFO = NO;
				SDKROOT = iphoneos;
				SWIFT_OPTIMIZATION_LEVEL = "-Owholemodule";
				TARGETED_DEVICE_FAMILY = "1,2";
				VALIDATE_PRODUCT = YES;
			};
			name = Release;
		};
		AEF2B3571EF36318002FE68C /* Debug */ = {
			isa = XCBuildConfiguration;
			buildSettings = {
				ASSETCATALOG_COMPILER_APPICON_NAME = AppIcon;
				DEVELOPMENT_TEAM = 8SA8NHU526;
				INFOPLIST_FILE = WKScriptMessageHandlerSample/Info.plist;
				LD_RUNPATH_SEARCH_PATHS = "$(inherited) @executable_path/Frameworks";
				PRODUCT_BUNDLE_IDENTIFIER = com.yokurin.WKScriptMessageHandlerSample;
				PRODUCT_NAME = "$(TARGET_NAME)";
				SWIFT_VERSION = 3.0;
			};
			name = Debug;
		};
		AEF2B3581EF36318002FE68C /* Release */ = {
			isa = XCBuildConfiguration;
			buildSettings = {
				ASSETCATALOG_COMPILER_APPICON_NAME = AppIcon;
				DEVELOPMENT_TEAM = 8SA8NHU526;
				INFOPLIST_FILE = WKScriptMessageHandlerSample/Info.plist;
				LD_RUNPATH_SEARCH_PATHS = "$(inherited) @executable_path/Frameworks";
				PRODUCT_BUNDLE_IDENTIFIER = com.yokurin.WKScriptMessageHandlerSample;
				PRODUCT_NAME = "$(TARGET_NAME)";
				SWIFT_VERSION = 3.0;
			};
			name = Release;
		};
/* End XCBuildConfiguration section */

/* Begin XCConfigurationList section */
		AEF2B33F1EF36318002FE68C /* Build configuration list for PBXProject "WKScriptMessageHandlerSample" */ = {
			isa = XCConfigurationList;
			buildConfigurations = (
				AEF2B3541EF36318002FE68C /* Debug */,
				AEF2B3551EF36318002FE68C /* Release */,
			);
			defaultConfigurationIsVisible = 0;
			defaultConfigurationName = Release;
		};
		AEF2B3561EF36318002FE68C /* Build configuration list for PBXNativeTarget "WKScriptMessageHandlerSample" */ = {
			isa = XCConfigurationList;
			buildConfigurations = (
				AEF2B3571EF36318002FE68C /* Debug */,
				AEF2B3581EF36318002FE68C /* Release */,
			);
			defaultConfigurationIsVisible = 0;
		};
/* End XCConfigurationList section */
	};
	rootObject = AEF2B33C1EF36318002FE68C /* Project object */;
}
